
Microsoft Visual Studio Solution File, Format Version 12.00
# Visual Studio Version 16
VisualStudioVersion = 16.0.33328.57
MinimumVisualStudioVersion = 10.0.40219.1
Project("{9A19103F-16F7-4668-BE54-9A1E7A4F7556}") = "AspNetCoreOData8xAutoExpandWithExpandNotConfigured", "AspNetCoreOData8xAutoExpandWithExpandNotConfigured\AspNetCoreOData8xAutoExpandWithExpandNotConfigured.csproj", "{72211349-D1D3-4FAE-9110-DF213AC498E1}"
EndProject
Global
	GlobalSection(SolutionConfigurationPlatforms) = preSolution
		Debug|Any CPU = Debug|Any CPU
		Release|Any CPU = Release|Any CPU
	EndGlobalSection
	GlobalSection(ProjectConfigurationPlatforms) = postSolution
		{72211349-D1D3-4FAE-9110-DF213AC498E1}.Debug|Any CPU.ActiveCfg = Debug|Any CPU
		{72211349-D1D3-4FAE-9110-DF213AC498E1}.Debug|Any CPU.Build.0 = Debug|Any CPU
		{72211349-D1D3-4FAE-9110-DF213AC498E1}.Release|Any CPU.ActiveCfg = Release|Any CPU
		{72211349-D1D3-4FAE-9110-DF213AC498E1}.Release|Any CPU.Build.0 = Release|Any CPU
	EndGlobalSection
	GlobalSection(SolutionProperties) = preSolution
		HideSolutionNode = FALSE
	EndGlobalSection
	GlobalSection(ExtensibilityGlobals) = postSolution
		SolutionGuid = {7A5CDB85-C38D-4548-AB4D-2C464CEFA0F2}
	EndGlobalSection
EndGlobal
